
Microsoft Visual Studio Solution File, Format Version 12.00
# Visual Studio Version 17
VisualStudioVersion = 17.8.34330.188
MinimumVisualStudioVersion = 10.0.40219.1
Project("{2150E333-8FDC-42A3-9474-1A3956D46DE8}") = "Src", "Src", "{7A257DF3-2B2B-4F82-B7A0-85547DCB7FF9}"
EndProject
Project("{2150E333-8FDC-42A3-9474-1A3956D46DE8}") = "Core", "Core", "{1A699003-8AC8-4192-BFA7-68DDC7C5EB98}"
EndProject
Project("{2150E333-8FDC-42A3-9474-1A3956D46DE8}") = "Infraestructure", "Infraestructure", "{FC6AE5E1-F79C-4444-B39B-28F9FE871977}"
EndProject
Project("{2150E333-8FDC-42A3-9474-1A3956D46DE8}") = "Presentation", "Presentation", "{14E6ACBA-F43A-4D49-931E-8E22FE4A3A71}"
EndProject
Project("{FAE04EC0-301F-11D3-BF4B-00C04F79EFBC}") = "Application", "Application\Application.csproj", "{C5370B20-F9A2-4C04-AF51-AFB6408554D8}"
EndProject
Project("{FAE04EC0-301F-11D3-BF4B-00C04F79EFBC}") = "Domain", "Domain\Domain.csproj", "{6D19E519-1551-4A37-9531-0DBF5D57BA8A}"
EndProject
Project("{FAE04EC0-301F-11D3-BF4B-00C04F79EFBC}") = "Persistence", "Persistence\Persistence.csproj", "{7EF89A91-FAAA-49D3-9F59-C87533E713AF}"
EndProject
Project("{FAE04EC0-301F-11D3-BF4B-00C04F79EFBC}") = "Shared", "Shared\Shared.csproj", "{CF382FE4-CB75-4762-BA39-CA8F2A2CC4FF}"
EndProject
Project("{FAE04EC0-301F-11D3-BF4B-00C04F79EFBC}") = "WebAPI", "WebAPI\WebAPI.csproj", "{BD5394FD-2235-4444-9D12-10E55F0BEA1E}"
	ProjectSection(ProjectDependencies) = postProject
		{C5370B20-F9A2-4C04-AF51-AFB6408554D8} = {C5370B20-F9A2-4C04-AF51-AFB6408554D8}
	EndProjectSection
EndProject
Global
	GlobalSection(SolutionConfigurationPlatforms) = preSolution
		Debug|Any CPU = Debug|Any CPU
		Release|Any CPU = Release|Any CPU
	EndGlobalSection
	GlobalSection(ProjectConfigurationPlatforms) = postSolution
		{C5370B20-F9A2-4C04-AF51-AFB6408554D8}.Debug|Any CPU.ActiveCfg = Debug|Any CPU
		{C5370B20-F9A2-4C04-AF51-AFB6408554D8}.Debug|Any CPU.Build.0 = Debug|Any CPU
		{C5370B20-F9A2-4C04-AF51-AFB6408554D8}.Release|Any CPU.ActiveCfg = Release|Any CPU
		{C5370B20-F9A2-4C04-AF51-AFB6408554D8}.Release|Any CPU.Build.0 = Release|Any CPU
		{6D19E519-1551-4A37-9531-0DBF5D57BA8A}.Debug|Any CPU.ActiveCfg = Debug|Any CPU
		{6D19E519-1551-4A37-9531-0DBF5D57BA8A}.Debug|Any CPU.Build.0 = Debug|Any CPU
		{6D19E519-1551-4A37-9531-0DBF5D57BA8A}.Release|Any CPU.ActiveCfg = Release|Any CPU
		{6D19E519-1551-4A37-9531-0DBF5D57BA8A}.Release|Any CPU.Build.0 = Release|Any CPU
		{7EF89A91-FAAA-49D3-9F59-C87533E713AF}.Debug|Any CPU.ActiveCfg = Debug|Any CPU
		{7EF89A91-FAAA-49D3-9F59-C87533E713AF}.Debug|Any CPU.Build.0 = Debug|Any CPU
		{7EF89A91-FAAA-49D3-9F59-C87533E713AF}.Release|Any CPU.ActiveCfg = Release|Any CPU
		{7EF89A91-FAAA-49D3-9F59-C87533E713AF}.Release|Any CPU.Build.0 = Release|Any CPU
		{CF382FE4-CB75-4762-BA39-CA8F2A2CC4FF}.Debug|Any CPU.ActiveCfg = Debug|Any CPU
		{CF382FE4-CB75-4762-BA39-CA8F2A2CC4FF}.Debug|Any CPU.Build.0 = Debug|Any CPU
		{CF382FE4-CB75-4762-BA39-CA8F2A2CC4FF}.Release|Any CPU.ActiveCfg = Release|Any CPU
		{CF382FE4-CB75-4762-BA39-CA8F2A2CC4FF}.Release|Any CPU.Build.0 = Release|Any CPU
		{BD5394FD-2235-4444-9D12-10E55F0BEA1E}.Debug|Any CPU.ActiveCfg = Debug|Any CPU
		{BD5394FD-2235-4444-9D12-10E55F0BEA1E}.Debug|Any CPU.Build.0 = Debug|Any CPU
		{BD5394FD-2235-4444-9D12-10E55F0BEA1E}.Release|Any CPU.ActiveCfg = Release|Any CPU
		{BD5394FD-2235-4444-9D12-10E55F0BEA1E}.Release|Any CPU.Build.0 = Release|Any CPU
	EndGlobalSection
	GlobalSection(SolutionProperties) = preSolution
		HideSolutionNode = FALSE
	EndGlobalSection
	GlobalSection(NestedProjects) = preSolution
		{1A699003-8AC8-4192-BFA7-68DDC7C5EB98} = {7A257DF3-2B2B-4F82-B7A0-85547DCB7FF9}
		{FC6AE5E1-F79C-4444-B39B-28F9FE871977} = {7A257DF3-2B2B-4F82-B7A0-85547DCB7FF9}
		{14E6ACBA-F43A-4D49-931E-8E22FE4A3A71} = {7A257DF3-2B2B-4F82-B7A0-85547DCB7FF9}
		{C5370B20-F9A2-4C04-AF51-AFB6408554D8} = {1A699003-8AC8-4192-BFA7-68DDC7C5EB98}
		{6D19E519-1551-4A37-9531-0DBF5D57BA8A} = {1A699003-8AC8-4192-BFA7-68DDC7C5EB98}
		{7EF89A91-FAAA-49D3-9F59-C87533E713AF} = {FC6AE5E1-F79C-4444-B39B-28F9FE871977}
		{CF382FE4-CB75-4762-BA39-CA8F2A2CC4FF} = {FC6AE5E1-F79C-4444-B39B-28F9FE871977}
		{BD5394FD-2235-4444-9D12-10E55F0BEA1E} = {14E6ACBA-F43A-4D49-931E-8E22FE4A3A71}
	EndGlobalSection
	GlobalSection(ExtensibilityGlobals) = postSolution
		SolutionGuid = {0C697A3F-013F-4C02-873D-4D1AAD27B227}
	EndGlobalSection
EndGlobal
